# THIS IS AN AUTOGENERATED FILE. DO NOT EDIT THIS FILE DIRECTLY.
# yarn lockfile v1


firebase-app@^0.0.1:
  version "0.0.1"
  resolved "https://registry.yarnpkg.com/firebase-app/-/firebase-app-0.0.1.tgz#c6f019504be11881102633820221547931798e4c"
  integrity sha512-wN3Nn4ZwkNUZ5toHIyU/GZSmYC4UQUKpdQBCU4h8tYVLn9z4R3x38smpRqnWj4gQ12+xJsEENY/FY66N3Fehfg==
